
Microsoft Visual Studio Solution File, Format Version 12.00
# Visual Studio 14
VisualStudioVersion = 14.0.25420.1
MinimumVisualStudioVersion = 10.0.40219.1
Project("{FAE04EC0-301F-11D3-BF4B-00C04F79EFBC}") = "StoreAPI", "StoreAPI\StoreAPI.csproj", "{A25AAE25-C5FF-4480-8B36-F9C5BEB904EB}"
EndProject
Project("{FAE04EC0-301F-11D3-BF4B-00C04F79EFBC}") = "StoreAPI.Models", "StoreAPI.Models\StoreAPI.Models.csproj", "{FD472559-1A17-468D-8BC9-AFD388F27813}"
EndProject
Global
	GlobalSection(SolutionConfigurationPlatforms) = preSolution
		Debug|Any CPU = Debug|Any CPU
		Release|Any CPU = Release|Any CPU
	EndGlobalSection
	GlobalSection(ProjectConfigurationPlatforms) = postSolution
		{A25AAE25-C5FF-4480-8B36-F9C5BEB904EB}.Debug|Any CPU.ActiveCfg = Debug|Any CPU
		{A25AAE25-C5FF-4480-8B36-F9C5BEB904EB}.Debug|Any CPU.Build.0 = Debug|Any CPU
		{A25AAE25-C5FF-4480-8B36-F9C5BEB904EB}.Release|Any CPU.ActiveCfg = Release|Any CPU
		{A25AAE25-C5FF-4480-8B36-F9C5BEB904EB}.Release|Any CPU.Build.0 = Release|Any CPU
		{FD472559-1A17-468D-8BC9-AFD388F27813}.Debug|Any CPU.ActiveCfg = Debug|Any CPU
		{FD472559-1A17-468D-8BC9-AFD388F27813}.Debug|Any CPU.Build.0 = Debug|Any CPU
		{FD472559-1A17-468D-8BC9-AFD388F27813}.Release|Any CPU.ActiveCfg = Release|Any CPU
		{FD472559-1A17-468D-8BC9-AFD388F27813}.Release|Any CPU.Build.0 = Release|Any CPU
	EndGlobalSection
	GlobalSection(SolutionProperties) = preSolution
		HideSolutionNode = FALSE
	EndGlobalSection
EndGlobal
